
Microsoft Visual Studio Solution File, Format Version 12.00
# Visual Studio 15
VisualStudioVersion = 15.0.27130.2024
MinimumVisualStudioVersion = 10.0.40219.1
Project("{FAE04EC0-301F-11D3-BF4B-00C04F79EFBC}") = "TwitterNotifier", "TwitterNotifier.csproj", "{00616618-ED94-42D2-9D77-C3A99BDBFFCC}"
EndProject
Global
	GlobalSection(SolutionConfigurationPlatforms) = preSolution
		Debug|Any CPU = Debug|Any CPU
		Release|Any CPU = Release|Any CPU
	EndGlobalSection
	GlobalSection(ProjectConfigurationPlatforms) = postSolution
		{00616618-ED94-42D2-9D77-C3A99BDBFFCC}.Debug|Any CPU.ActiveCfg = Debug|Any CPU
		{00616618-ED94-42D2-9D77-C3A99BDBFFCC}.Debug|Any CPU.Build.0 = Debug|Any CPU
		{00616618-ED94-42D2-9D77-C3A99BDBFFCC}.Release|Any CPU.ActiveCfg = Release|Any CPU
		{00616618-ED94-42D2-9D77-C3A99BDBFFCC}.Release|Any CPU.Build.0 = Release|Any CPU
	EndGlobalSection
	GlobalSection(SolutionProperties) = preSolution
		HideSolutionNode = FALSE
	EndGlobalSection
	GlobalSection(ExtensibilityGlobals) = postSolution
		SolutionGuid = {8D9E6E95-DFFA-4DDC-B17E-BF5FA30D281E}
	EndGlobalSection
EndGlobal
